
Microsoft Visual Studio Solution File, Format Version 12.00
# Visual Studio Version 17
VisualStudioVersion = 17.3.32929.385
MinimumVisualStudioVersion = 10.0.40219.1
Project("{9A19103F-16F7-4668-BE54-9A1E7A4F7556}") = "C752IT_HFT_2021222.Client", "C752IT_HFT_2021222.Client\C752IT_HFT_2021222.Client.csproj", "{531A349F-11C5-47AD-BDF4-6867E2DCC6A9}"
EndProject
Project("{9A19103F-16F7-4668-BE54-9A1E7A4F7556}") = "C752IT_HFT_2021222.Models", "C752IT_HFT_2021222.Models\C752IT_HFT_2021222.Models.csproj", "{30319942-A0CD-4BD5-9039-735EB07FF360}"
EndProject
Project("{9A19103F-16F7-4668-BE54-9A1E7A4F7556}") = "C752IT_HFT_2021222.Logic", "C752IT_HFT_2021222.Logic\C752IT_HFT_2021222.Logic.csproj", "{2C297F6E-0550-48AF-BC3B-30D8F54291C7}"
EndProject
Project("{9A19103F-16F7-4668-BE54-9A1E7A4F7556}") = "C752IT_HFT_2021222.Repository", "C752IT_HFT_2021222.Repository\C752IT_HFT_2021222.Repository.csproj", "{0B85A036-37B0-429E-A1B9-392DF56A2278}"
EndProject
Project("{9A19103F-16F7-4668-BE54-9A1E7A4F7556}") = "C752IT_HFT_2021222.Test", "C752IT_HFT_2021222.Test\C752IT_HFT_2021222.Test.csproj", "{4F47354D-ECFF-4F9C-9BAC-AF3E9560B9E7}"
EndProject
Project("{2150E333-8FDC-42A3-9474-1A3956D46DE8}") = "Backend", "Backend", "{C6156919-0C4C-4140-8DBF-69A99CA3FAA3}"
EndProject
Project("{2150E333-8FDC-42A3-9474-1A3956D46DE8}") = "Frontend", "Frontend", "{0B01BA55-6EDE-41F8-BEC3-34CCC0817EF3}"
EndProject
Project("{2150E333-8FDC-42A3-9474-1A3956D46DE8}") = "Shared", "Shared", "{DB9D5003-4F6E-471A-9F8F-C90E272B85CB}"
EndProject
Project("{2150E333-8FDC-42A3-9474-1A3956D46DE8}") = "Others", "Others", "{B9E2719E-965B-47FB-993E-F6340F767FEA}"
	ProjectSection(SolutionItems) = preProject
		.gitignore = .gitignore
	EndProjectSection
EndProject
Project("{9A19103F-16F7-4668-BE54-9A1E7A4F7556}") = "C752IT_HFT_2021222.Endpoint", "C752IT_HFT_2021222.Endpoint\C752IT_HFT_2021222.Endpoint.csproj", "{4C910A38-19A9-4000-B238-A0D220CB59A3}"
EndProject
Project("{9A19103F-16F7-4668-BE54-9A1E7A4F7556}") = "C752IT_HFT_2021222.WpfClient", "C752IT_HFT_2021222.WpfClient\C752IT_HFT_2021222.WpfClient.csproj", "{2B4B508C-CA1F-4C0D-AB1C-3CE6E67A5723}"
EndProject
Project("{FAE04EC0-301F-11D3-BF4B-00C04F79EFBC}") = "C752IT_HFT_2021222.JSClient", "C752IT_HFT_2021222.JSClient\C752IT_HFT_2021222.JSClient.csproj", "{84DA47E7-BDB6-4F14-A915-50CEF3B92BCF}"
EndProject
Global
	GlobalSection(SolutionConfigurationPlatforms) = preSolution
		Debug|Any CPU = Debug|Any CPU
		Release|Any CPU = Release|Any CPU
	EndGlobalSection
	GlobalSection(ProjectConfigurationPlatforms) = postSolution
		{531A349F-11C5-47AD-BDF4-6867E2DCC6A9}.Debug|Any CPU.ActiveCfg = Debug|Any CPU
		{531A349F-11C5-47AD-BDF4-6867E2DCC6A9}.Debug|Any CPU.Build.0 = Debug|Any CPU
		{531A349F-11C5-47AD-BDF4-6867E2DCC6A9}.Release|Any CPU.ActiveCfg = Release|Any CPU
		{531A349F-11C5-47AD-BDF4-6867E2DCC6A9}.Release|Any CPU.Build.0 = Release|Any CPU
		{30319942-A0CD-4BD5-9039-735EB07FF360}.Debug|Any CPU.ActiveCfg = Debug|Any CPU
		{30319942-A0CD-4BD5-9039-735EB07FF360}.Debug|Any CPU.Build.0 = Debug|Any CPU
		{30319942-A0CD-4BD5-9039-735EB07FF360}.Release|Any CPU.ActiveCfg = Release|Any CPU
		{30319942-A0CD-4BD5-9039-735EB07FF360}.Release|Any CPU.Build.0 = Release|Any CPU
		{2C297F6E-0550-48AF-BC3B-30D8F54291C7}.Debug|Any CPU.ActiveCfg = Debug|Any CPU
		{2C297F6E-0550-48AF-BC3B-30D8F54291C7}.Debug|Any CPU.Build.0 = Debug|Any CPU
		{2C297F6E-0550-48AF-BC3B-30D8F54291C7}.Release|Any CPU.ActiveCfg = Release|Any CPU
		{2C297F6E-0550-48AF-BC3B-30D8F54291C7}.Release|Any CPU.Build.0 = Release|Any CPU
		{0B85A036-37B0-429E-A1B9-392DF56A2278}.Debug|Any CPU.ActiveCfg = Debug|Any CPU
		{0B85A036-37B0-429E-A1B9-392DF56A2278}.Debug|Any CPU.Build.0 = Debug|Any CPU
		{0B85A036-37B0-429E-A1B9-392DF56A2278}.Release|Any CPU.ActiveCfg = Release|Any CPU
		{0B85A036-37B0-429E-A1B9-392DF56A2278}.Release|Any CPU.Build.0 = Release|Any CPU
		{4F47354D-ECFF-4F9C-9BAC-AF3E9560B9E7}.Debug|Any CPU.ActiveCfg = Debug|Any CPU
		{4F47354D-ECFF-4F9C-9BAC-AF3E9560B9E7}.Debug|Any CPU.Build.0 = Debug|Any CPU
		{4F47354D-ECFF-4F9C-9BAC-AF3E9560B9E7}.Release|Any CPU.ActiveCfg = Release|Any CPU
		{4F47354D-ECFF-4F9C-9BAC-AF3E9560B9E7}.Release|Any CPU.Build.0 = Release|Any CPU
		{4C910A38-19A9-4000-B238-A0D220CB59A3}.Debug|Any CPU.ActiveCfg = Debug|Any CPU
		{4C910A38-19A9-4000-B238-A0D220CB59A3}.Debug|Any CPU.Build.0 = Debug|Any CPU
		{4C910A38-19A9-4000-B238-A0D220CB59A3}.Release|Any CPU.ActiveCfg = Release|Any CPU
		{4C910A38-19A9-4000-B238-A0D220CB59A3}.Release|Any CPU.Build.0 = Release|Any CPU
		{2B4B508C-CA1F-4C0D-AB1C-3CE6E67A5723}.Debug|Any CPU.ActiveCfg = Debug|Any CPU
		{2B4B508C-CA1F-4C0D-AB1C-3CE6E67A5723}.Debug|Any CPU.Build.0 = Debug|Any CPU
		{2B4B508C-CA1F-4C0D-AB1C-3CE6E67A5723}.Release|Any CPU.ActiveCfg = Release|Any CPU
		{2B4B508C-CA1F-4C0D-AB1C-3CE6E67A5723}.Release|Any CPU.Build.0 = Release|Any CPU
		{84DA47E7-BDB6-4F14-A915-50CEF3B92BCF}.Debug|Any CPU.ActiveCfg = Debug|Any CPU
		{84DA47E7-BDB6-4F14-A915-50CEF3B92BCF}.Debug|Any CPU.Build.0 = Debug|Any CPU
		{84DA47E7-BDB6-4F14-A915-50CEF3B92BCF}.Release|Any CPU.ActiveCfg = Release|Any CPU
		{84DA47E7-BDB6-4F14-A915-50CEF3B92BCF}.Release|Any CPU.Build.0 = Release|Any CPU
	EndGlobalSection
	GlobalSection(SolutionProperties) = preSolution
		HideSolutionNode = FALSE
	EndGlobalSection
	GlobalSection(NestedProjects) = preSolution
		{531A349F-11C5-47AD-BDF4-6867E2DCC6A9} = {0B01BA55-6EDE-41F8-BEC3-34CCC0817EF3}
		{30319942-A0CD-4BD5-9039-735EB07FF360} = {DB9D5003-4F6E-471A-9F8F-C90E272B85CB}
		{2C297F6E-0550-48AF-BC3B-30D8F54291C7} = {C6156919-0C4C-4140-8DBF-69A99CA3FAA3}
		{0B85A036-37B0-429E-A1B9-392DF56A2278} = {C6156919-0C4C-4140-8DBF-69A99CA3FAA3}
		{4F47354D-ECFF-4F9C-9BAC-AF3E9560B9E7} = {C6156919-0C4C-4140-8DBF-69A99CA3FAA3}
		{4C910A38-19A9-4000-B238-A0D220CB59A3} = {C6156919-0C4C-4140-8DBF-69A99CA3FAA3}
		{2B4B508C-CA1F-4C0D-AB1C-3CE6E67A5723} = {0B01BA55-6EDE-41F8-BEC3-34CCC0817EF3}
		{84DA47E7-BDB6-4F14-A915-50CEF3B92BCF} = {0B01BA55-6EDE-41F8-BEC3-34CCC0817EF3}
	EndGlobalSection
	GlobalSection(ExtensibilityGlobals) = postSolution
		SolutionGuid = {97B890A2-A677-4773-98E0-D0F25B48409B}
	EndGlobalSection
EndGlobal
